Microsoft Visual Studio Solution File, Format Version 10.00
# Visual Studio 2008

Project("{46F86FAA-6BBF-9AC9-4A7E-459509A20ED0}") = "project", "Assembly-CSharp.csproj", "{7CA597AC-799E-2D81-E8A0-0EA9A568434E}"
EndProject
Project("{46F86FAA-6BBF-9AC9-4A7E-459509A20ED0}") = "project", "Assembly-UnityScript.unityproj", "{4BF79580-BD40-8719-DEC4-3FC42411B4D7}"
EndProject
Global
	GlobalSection(SolutionConfigurationPlatforms) = preSolution
		Debug|Any CPU = Debug|Any CPU
		Release|Any CPU = Release|Any CPU
	EndGlobalSection
	GlobalSection(ProjectConfigurationPlatforms) = postSolution
		{7CA597AC-799E-2D81-E8A0-0EA9A568434E}.Debug|Any CPU.ActiveCfg = Debug|Any CPU
		{7CA597AC-799E-2D81-E8A0-0EA9A568434E}.Debug|Any CPU.Build.0 = Debug|Any CPU
		{7CA597AC-799E-2D81-E8A0-0EA9A568434E}.Release|Any CPU.ActiveCfg = Release|Any CPU
		{7CA597AC-799E-2D81-E8A0-0EA9A568434E}.Release|Any CPU.Build.0 = Release|Any CPU
		{4BF79580-BD40-8719-DEC4-3FC42411B4D7}.Debug|Any CPU.ActiveCfg = Debug|Any CPU
		{4BF79580-BD40-8719-DEC4-3FC42411B4D7}.Debug|Any CPU.Build.0 = Debug|Any CPU
		{4BF79580-BD40-8719-DEC4-3FC42411B4D7}.Release|Any CPU.ActiveCfg = Release|Any CPU
		{4BF79580-BD40-8719-DEC4-3FC42411B4D7}.Release|Any CPU.Build.0 = Release|Any CPU
	EndGlobalSection
	GlobalSection(SolutionProperties) = preSolution
		HideSolutionNode = FALSE
	EndGlobalSection
	
EndGlobal
